// !$*UTF8*$!
{
	archiveVersion = 1;
	classes = {
	};
	objectVersion = 50;
	objects = {

/* Begin PBXBuildFile section */
		1C8E314821B6F78500169421 /* AppDelegate.swift in Sources */ = {isa = PBXBuildFile; fileRef = 1C8E314721B6F78500169421 /* AppDelegate.swift */; };
		1C8E314A21B6F78500169421 /* ViewController.swift in Sources */ = {isa = PBXBuildFile; fileRef = 1C8E314921B6F78500169421 /* ViewController.swift */; };
		1C8E314D21B6F78500169421 /* Main.storyboard in Resources */ = {isa = PBXBuildFile; fileRef = 1C8E314B21B6F78500169421 /* Main.storyboard */; };
		1C8E314F21B6F79500169421 /* Assets.xcassets in Resources */ = {isa = PBXBuildFile; fileRef = 1C8E314E21B6F79500169421 /* Assets.xcassets */; };
		1C8E315221B6F79600169421 /* LaunchScreen.storyboard in Resources */ = {isa = PBXBuildFile; fileRef = 1C8E315021B6F79600169421 /* LaunchScreen.storyboard */; };
		540E5EF121E79F1200855BF6 /* ManagedObjectObserver.swift in Sources */ = {isa = PBXBuildFile; fileRef = 540E5EF021E79F1200855BF6 /* ManagedObjectObserver.swift */; };
		540E5EF321E7A05800855BF6 /* NSManagedObjectContext+Observers.swift in Sources */ = {isa = PBXBuildFile; fileRef = 540E5EF221E7A05800855BF6 /* NSManagedObjectContext+Observers.swift */; };
		54365A1A21B98FB4008E650B /* PostLogin.storyboard in Resources */ = {isa = PBXBuildFile; fileRef = 54365A1921B98FB4008E650B /* PostLogin.storyboard */; };
		54365A1D21B9A372008E650B /* DashboardProfileViewController.swift in Sources */ = {isa = PBXBuildFile; fileRef = 54365A1C21B9A372008E650B /* DashboardProfileViewController.swift */; };
		54365A1F21B9A870008E650B /* DashboardViewController.swift in Sources */ = {isa = PBXBuildFile; fileRef = 54365A1E21B9A870008E650B /* DashboardViewController.swift */; };
		544FE26D21BD866F00479FBA /* PetProfileViewController.swift in Sources */ = {isa = PBXBuildFile; fileRef = 544FE26C21BD866F00479FBA /* PetProfileViewController.swift */; };
		54665BBE21C1724A00251267 /* ApiManager.framework in Frameworks */ = {isa = PBXBuildFile; fileRef = 54665BBD21C1724A00251267 /* ApiManager.framework */; };
		54665BBF21C1724A00251267 /* ApiManager.framework in Embed Frameworks */ = {isa = PBXBuildFile; fileRef = 54665BBD21C1724A00251267 /* ApiManager.framework */; settings = {ATTRIBUTES = (CodeSignOnCopy, RemoveHeadersOnCopy, ); }; };
		54665BC521C1728E00251267 /* LoginService.swift in Sources */ = {isa = PBXBuildFile; fileRef = 54665BC421C1728E00251267 /* LoginService.swift */; };
		54665BC721C1870500251267 /* GetAccountDetailsService.swift in Sources */ = {isa = PBXBuildFile; fileRef = 54665BC621C1870500251267 /* GetAccountDetailsService.swift */; };
		546AB07321D91883001E4F99 /* Trackzia.xcdatamodeld in Sources */ = {isa = PBXBuildFile; fileRef = 546AB07121D91882001E4F99 /* Trackzia.xcdatamodeld */; };
		546AB08021D918C3001E4F99 /* ActiveProfile.swift in Sources */ = {isa = PBXBuildFile; fileRef = 546AB07621D918C3001E4F99 /* ActiveProfile.swift */; };
		546AB08121D918C3001E4F99 /* Profile.swift in Sources */ = {isa = PBXBuildFile; fileRef = 546AB07721D918C3001E4F99 /* Profile.swift */; };
		546AB08221D918C3001E4F99 /* Device.swift in Sources */ = {isa = PBXBuildFile; fileRef = 546AB07821D918C3001E4F99 /* Device.swift */; };
		546AB08321D918C3001E4F99 /* Account.swift in Sources */ = {isa = PBXBuildFile; fileRef = 546AB07921D918C3001E4F99 /* Account.swift */; };
		546AB08421D918C3001E4F99 /* Managed.swift in Sources */ = {isa = PBXBuildFile; fileRef = 546AB07B21D918C3001E4F99 /* Managed.swift */; };
		546AB08521D918C3001E4F99 /* TrackziaStack.swift in Sources */ = {isa = PBXBuildFile; fileRef = 546AB07D21D918C3001E4F99 /* TrackziaStack.swift */; };
		546AB08621D918C3001E4F99 /* NSManagedObjectContext+Extensions.swift in Sources */ = {isa = PBXBuildFile; fileRef = 546AB07F21D918C3001E4F99 /* NSManagedObjectContext+Extensions.swift */; };
		546AB08A21D918ED001E4F99 /* IMEIWiseProfilesStore.swift in Sources */ = {isa = PBXBuildFile; fileRef = 546AB08721D918ED001E4F99 /* IMEIWiseProfilesStore.swift */; };
		546AB08B21D918ED001E4F99 /* UserDataStore.swift in Sources */ = {isa = PBXBuildFile; fileRef = 546AB08821D918ED001E4F99 /* UserDataStore.swift */; };
		546AB08C21D918ED001E4F99 /* DeviceStore.swift in Sources */ = {isa = PBXBuildFile; fileRef = 546AB08921D918ED001E4F99 /* DeviceStore.swift */; };
		546AB08E21D91A75001E4F99 /* GeoFence.swift in Sources */ = {isa = PBXBuildFile; fileRef = 546AB08D21D91A75001E4F99 /* GeoFence.swift */; };
		546AB09021D9239E001E4F99 /* GetGeoFenceDetailsService.swift in Sources */ = {isa = PBXBuildFile; fileRef = 546AB08F21D9239E001E4F99 /* GetGeoFenceDetailsService.swift */; };
		547A7E1221CFFE4C00040FB6 /* CurrentLocationVC.swift in Sources */ = {isa = PBXBuildFile; fileRef = 547A7E1121CFFE4B00040FB6 /* CurrentLocationVC.swift */; };
		5488BC7321C4B9C9003D3467 /* PreLoginRouter.swift in Sources */ = {isa = PBXBuildFile; fileRef = 5488BC7221C4B9C9003D3467 /* PreLoginRouter.swift */; };
		548FC21121C4293000A64213 /* GetAccountWiseIMEIService.swift in Sources */ = {isa = PBXBuildFile; fileRef = 548FC21021C4293000A64213 /* GetAccountWiseIMEIService.swift */; };
		548FC21421C42F3600A64213 /* UserDataManager.swift in Sources */ = {isa = PBXBuildFile; fileRef = 548FC21321C42F3600A64213 /* UserDataManager.swift */; };
		54A3682021BCE55B000C7379 /* ProfileEditing.storyboard in Resources */ = {isa = PBXBuildFile; fileRef = 54A3681F21BCE55B000C7379 /* ProfileEditing.storyboard */; };
		54A3682321BD319C000C7379 /* PostLoginRouter.swift in Sources */ = {isa = PBXBuildFile; fileRef = 54A3682221BD319C000C7379 /* PostLoginRouter.swift */; };
		54A3682621BD4D70000C7379 /* AlertSettingsViewController.swift in Sources */ = {isa = PBXBuildFile; fileRef = 54A3682521BD4D70000C7379 /* AlertSettingsViewController.swift */; };
		54B05DBD21C63D7900597A42 /* ProfileTypeVehicle.swift in Sources */ = {isa = PBXBuildFile; fileRef = 54B05DB721C63D7900597A42 /* ProfileTypeVehicle.swift */; };
		54B05DBE21C63D7900597A42 /* IMEISelectionManager.swift in Sources */ = {isa = PBXBuildFile; fileRef = 54B05DB821C63D7900597A42 /* IMEISelectionManager.swift */; };
		54B05DBF21C63D7900597A42 /* ProfileTypePet.swift in Sources */ = {isa = PBXBuildFile; fileRef = 54B05DB921C63D7900597A42 /* ProfileTypePet.swift */; };
		54B05DC021C63D7900597A42 /* ProfileTypeKid.swift in Sources */ = {isa = PBXBuildFile; fileRef = 54B05DBA21C63D7900597A42 /* ProfileTypeKid.swift */; };
		54B05DC121C63D7900597A42 /* ProfileTypeOther.swift in Sources */ = {isa = PBXBuildFile; fileRef = 54B05DBB21C63D7900597A42 /* ProfileTypeOther.swift */; };
		54B05DC221C63D7900597A42 /* ProfileTypeSeniorCitizen.swift in Sources */ = {isa = PBXBuildFile; fileRef = 54B05DBC21C63D7900597A42 /* ProfileTypeSeniorCitizen.swift */; };
		54B05DC421C63DA400597A42 /* GetIMEIWiseProfiles.swift in Sources */ = {isa = PBXBuildFile; fileRef = 54B05DC321C63DA400597A42 /* GetIMEIWiseProfiles.swift */; };
		54B05DC621C6653200597A42 /* UserAlertSettingsPreference.swift in Sources */ = {isa = PBXBuildFile; fileRef = 54B05DC521C6653200597A42 /* UserAlertSettingsPreference.swift */; };
		54B05DC821C6678E00597A42 /* GetAllAlertSettingsService.swift in Sources */ = {isa = PBXBuildFile; fileRef = 54B05DC721C6678E00597A42 /* GetAllAlertSettingsService.swift */; };
		54B05DCA21C67B3E00597A42 /* SetAlertSettingValueService.swift in Sources */ = {isa = PBXBuildFile; fileRef = 54B05DC921C67B3E00597A42 /* SetAlertSettingValueService.swift */; };
		54B58BDC21E90DF00036E47C /* DeviceActionsInfo.swift in Sources */ = {isa = PBXBuildFile; fileRef = 54B58BDB21E90DF00036E47C /* DeviceActionsInfo.swift */; };
		54BF988B21C80088005F66AF /* UpdateAccountDetailsService.swift in Sources */ = {isa = PBXBuildFile; fileRef = 54BF988A21C80088005F66AF /* UpdateAccountDetailsService.swift */; };
		54BF988D21C8182F005F66AF /* UserAccountData.swift in Sources */ = {isa = PBXBuildFile; fileRef = 54BF988C21C8182F005F66AF /* UserAccountData.swift */; };
		54D3025321C950750050D377 /* RBOptionItemListViewController.swift in Sources */ = {isa = PBXBuildFile; fileRef = 54D3025021C950740050D377 /* RBOptionItemListViewController.swift */; };
		54D3025421C950750050D377 /* RBOptionItem.swift in Sources */ = {isa = PBXBuildFile; fileRef = 54D3025121C950740050D377 /* RBOptionItem.swift */; };
		54D3025521C950750050D377 /* UITableViewCellOptionItemUtility.swift in Sources */ = {isa = PBXBuildFile; fileRef = 54D3025221C950750050D377 /* UITableViewCellOptionItemUtility.swift */; };
		54D3025821C953170050D377 /* GenderOptionItem.swift in Sources */ = {isa = PBXBuildFile; fileRef = 54D3025721C953170050D377 /* GenderOptionItem.swift */; };
		54D3025A21C9538C0050D377 /* CountryOptionItem.swift in Sources */ = {isa = PBXBuildFile; fileRef = 54D3025921C9538C0050D377 /* CountryOptionItem.swift */; };
		54D3025C21C96E600050D377 /* VehicleTypeOptionItem.swift in Sources */ = {isa = PBXBuildFile; fileRef = 54D3025B21C96E600050D377 /* VehicleTypeOptionItem.swift */; };
		54F66B3321BB90DC00B47295 /* DashboardOptionsListViewController.swift in Sources */ = {isa = PBXBuildFile; fileRef = 54F66B3221BB90DC00B47295 /* DashboardOptionsListViewController.swift */; };
		54F66B3521BB93B400B47295 /* DashboardTableDataSource.swift in Sources */ = {isa = PBXBuildFile; fileRef = 54F66B3421BB93B400B47295 /* DashboardTableDataSource.swift */; };
		54F66B3A21BBDAE700B47295 /* GeofenceViewController.swift in Sources */ = {isa = PBXBuildFile; fileRef = 54F66B3921BBDAE700B47295 /* GeofenceViewController.swift */; };
		54F66B3D21BC1D4D00B47295 /* UserProfileViewController.swift in Sources */ = {isa = PBXBuildFile; fileRef = 54F66B3C21BC1D4D00B47295 /* UserProfileViewController.swift */; };
		54F75FC021BEE4FE007875E6 /* KidProfileViewController.swift in Sources */ = {isa = PBXBuildFile; fileRef = 54F75FBF21BEE4FE007875E6 /* KidProfileViewController.swift */; };
		54F75FC221BEEB9B007875E6 /* OtherProfileViewController.swift in Sources */ = {isa = PBXBuildFile; fileRef = 54F75FC121BEEB9B007875E6 /* OtherProfileViewController.swift */; };
		54FBF8B921C016260008DCD6 /* SeniorCitizenProfileViewController.swift in Sources */ = {isa = PBXBuildFile; fileRef = 54FBF8B821C016260008DCD6 /* SeniorCitizenProfileViewController.swift */; };
		54FBF8BB21C01D7E0008DCD6 /* VehicleProfileViewController.swift in Sources */ = {isa = PBXBuildFile; fileRef = 54FBF8BA21C01D7E0008DCD6 /* VehicleProfileViewController.swift */; };
		54FD835221DB5C3D000996E5 /* DataPacket.swift in Sources */ = {isa = PBXBuildFile; fileRef = 54FD835121DB5C3D000996E5 /* DataPacket.swift */; };
		54FD835421DB5F13000996E5 /* GetDataPacketsService.swift in Sources */ = {isa = PBXBuildFile; fileRef = 54FD835321DB5F13000996E5 /* GetDataPacketsService.swift */; };
		54FD835821DD2FFA000996E5 /* GetDeviceDetailsService.swift in Sources */ = {isa = PBXBuildFile; fileRef = 54FD835721DD2FFA000996E5 /* GetDeviceDetailsService.swift */; };
		791AE89421C19E8C00BB8C28 /* ChangePasswordService.swift in Sources */ = {isa = PBXBuildFile; fileRef = 791AE89321C19E8C00BB8C28 /* ChangePasswordService.swift */; };
		7959E97F21BC57F100EEB963 /* TabBar.storyboard in Resources */ = {isa = PBXBuildFile; fileRef = 7959E97E21BC57F100EEB963 /* TabBar.storyboard */; };
		7959E98221BCD65C00EEB963 /* HomeVC.swift in Sources */ = {isa = PBXBuildFile; fileRef = 7959E98121BCD65C00EEB963 /* HomeVC.swift */; };
		7986225D21C03ADE00510240 /* TZCreateProfileVC.swift in Sources */ = {isa = PBXBuildFile; fileRef = 7986225C21C03ADE00510240 /* TZCreateProfileVC.swift */; };
		79C4A56821BBA1AD00B72377 /* Login.storyboard in Resources */ = {isa = PBXBuildFile; fileRef = 79C4A56721BBA1AD00B72377 /* Login.storyboard */; };
		79C4A56D21BBA1C400B72377 /* TZLoginVC.swift in Sources */ = {isa = PBXBuildFile; fileRef = 79C4A56A21BBA1C400B72377 /* TZLoginVC.swift */; };
		79C4A56E21BBA1C400B72377 /* TZForgetVC.swift in Sources */ = {isa = PBXBuildFile; fileRef = 79C4A56B21BBA1C400B72377 /* TZForgetVC.swift */; };
		79C4A56F21BBA1C400B72377 /* TZRegisterVC.swift in Sources */ = {isa = PBXBuildFile; fileRef = 79C4A56C21BBA1C400B72377 /* TZRegisterVC.swift */; };
		79D6B4E921C2DFF900AA8A68 /* AddUpdateSeniorProfiles.swift in Sources */ = {isa = PBXBuildFile; fileRef = 79D6B4E821C2DFF900AA8A68 /* AddUpdateSeniorProfiles.swift */; };
		79D6B4EB21C2EE5300AA8A68 /* AddUpdateVehicleProfile.swift in Sources */ = {isa = PBXBuildFile; fileRef = 79D6B4EA21C2EE5300AA8A68 /* AddUpdateVehicleProfile.swift */; };
		79D6B4ED21C2F25300AA8A68 /* AddOtherProfileService.swift in Sources */ = {isa = PBXBuildFile; fileRef = 79D6B4EC21C2F25300AA8A68 /* AddOtherProfileService.swift */; };
		79D7D49D21D7B1BF00E39C3C /* LocationDetailModel.swift in Sources */ = {isa = PBXBuildFile; fileRef = 79D7D49C21D7B1BF00E39C3C /* LocationDetailModel.swift */; };
		79DCF33821BEF93D00460F17 /* TZVerifyVC.swift in Sources */ = {isa = PBXBuildFile; fileRef = 79DCF33721BEF93D00460F17 /* TZVerifyVC.swift */; };
		79DCF33A21BF059200460F17 /* TZAssignVC.swift in Sources */ = {isa = PBXBuildFile; fileRef = 79DCF33921BF059200460F17 /* TZAssignVC.swift */; };
/* End PBXBuildFile section */

/* Begin PBXCopyFilesBuildPhase section */
		54665BC021C1724A00251267 /* Embed Frameworks */ = {
			isa = PBXCopyFilesBuildPhase;
			buildActionMask = 2147483647;
			dstPath = "";
			dstSubfolderSpec = 10;
			files = (
				54665BBF21C1724A00251267 /* ApiManager.framework in Embed Frameworks */,
			);
			name = "Embed Frameworks";
			runOnlyForDeploymentPostprocessing = 0;
		};
/* End PBXCopyFilesBuildPhase section */

/* Begin PBXFileReference section */
		1C8E314421B6F78500169421 /* Trackzia.app */ = {isa = PBXFileReference; explicitFileType = wrapper.application; includeInIndex = 0; path = Trackzia.app; sourceTree = BUILT_PRODUCTS_DIR; };
		1C8E314721B6F78500169421 /* AppDelegate.swift */ = {isa = PBXFileReference; lastKnownFileType = sourcecode.swift; path = AppDelegate.swift; sourceTree = "<group>"; };
		1C8E314921B6F78500169421 /* ViewController.swift */ = {isa = PBXFileReference; lastKnownFileType = sourcecode.swift; path = ViewController.swift; sourceTree = "<group>"; };
		1C8E314C21B6F78500169421 /* Base */ = {isa = PBXFileReference; lastKnownFileType = file.storyboard; name = Base; path = Base.lproj/Main.storyboard; sourceTree = "<group>"; };
		1C8E314E21B6F79500169421 /* Assets.xcassets */ = {isa = PBXFileReference; lastKnownFileType = folder.assetcatalog; path = Assets.xcassets; sourceTree = "<group>"; };
		1C8E315121B6F79600169421 /* Base */ = {isa = PBXFileReference; lastKnownFileType = file.storyboard; name = Base; path = Base.lproj/LaunchScreen.storyboard; sourceTree = "<group>"; };
		1C8E315321B6F79600169421 /* Info.plist */ = {isa = PBXFileReference; lastKnownFileType = text.plist.xml; path = Info.plist; sourceTree = "<group>"; };
		540E5EF021E79F1200855BF6 /* ManagedObjectObserver.swift */ = {isa = PBXFileReference; lastKnownFileType = sourcecode.swift; path = ManagedObjectObserver.swift; sourceTree = "<group>"; };
		540E5EF221E7A05800855BF6 /* NSManagedObjectContext+Observers.swift */ = {isa = PBXFileReference; lastKnownFileType = sourcecode.swift; path = "NSManagedObjectContext+Observers.swift"; sourceTree = "<group>"; };
		54365A1921B98FB4008E650B /* PostLogin.storyboard */ = {isa = PBXFileReference; lastKnownFileType = file.storyboard; path = PostLogin.storyboard; sourceTree = "<group>"; };
		54365A1C21B9A372008E650B /* DashboardProfileViewController.swift */ = {isa = PBXFileReference; lastKnownFileType = sourcecode.swift; path = DashboardProfileViewController.swift; sourceTree = "<group>"; };
		54365A1E21B9A870008E650B /* DashboardViewController.swift */ = {isa = PBXFileReference; lastKnownFileType = sourcecode.swift; path = DashboardViewController.swift; sourceTree = "<group>"; };
		544FE26C21BD866F00479FBA /* PetProfileViewController.swift */ = {isa = PBXFileReference; lastKnownFileType = sourcecode.swift; path = PetProfileViewController.swift; sourceTree = "<group>"; };
		54665BBD21C1724A00251267 /* ApiManager.framework */ = {isa = PBXFileReference; lastKnownFileType = wrapper.framework; name = ApiManager.framework; path = Trackzia/Frameworks/Simulator/ApiManager.framework; sourceTree = "<group>"; };
		54665BC421C1728E00251267 /* LoginService.swift */ = {isa = PBXFileReference; fileEncoding = 4; lastKnownFileType = sourcecode.swift; path = LoginService.swift; sourceTree = "<group>"; };
		54665BC621C1870500251267 /* GetAccountDetailsService.swift */ = {isa = PBXFileReference; lastKnownFileType = sourcecode.swift; path = GetAccountDetailsService.swift; sourceTree = "<group>"; };
		546AB07221D91882001E4F99 /* Model.xcdatamodel */ = {isa = PBXFileReference; lastKnownFileType = wrapper.xcdatamodel; path = Model.xcdatamodel; sourceTree = "<group>"; };
		546AB07621D918C3001E4F99 /* ActiveProfile.swift */ = {isa = PBXFileReference; fileEncoding = 4; lastKnownFileType = sourcecode.swift; path = ActiveProfile.swift; sourceTree = "<group>"; };
		546AB07721D918C3001E4F99 /* Profile.swift */ = {isa = PBXFileReference; fileEncoding = 4; lastKnownFileType = sourcecode.swift; path = Profile.swift; sourceTree = "<group>"; };
		546AB07821D918C3001E4F99 /* Device.swift */ = {isa = PBXFileReference; fileEncoding = 4; lastKnownFileType = sourcecode.swift; path = Device.swift; sourceTree = "<group>"; };
		546AB07921D918C3001E4F99 /* Account.swift */ = {isa = PBXFileReference; fileEncoding = 4; lastKnownFileType = sourcecode.swift; path = Account.swift; sourceTree = "<group>"; };
		546AB07B21D918C3001E4F99 /* Managed.swift */ = {isa = PBXFileReference; fileEncoding = 4; lastKnownFileType = sourcecode.swift; path = Managed.swift; sourceTree = "<group>"; };
		546AB07D21D918C3001E4F99 /* TrackziaStack.swift */ = {isa = PBXFileReference; fileEncoding = 4; lastKnownFileType = sourcecode.swift; path = TrackziaStack.swift; sourceTree = "<group>"; };
		546AB07F21D918C3001E4F99 /* NSManagedObjectContext+Extensions.swift */ = {isa = PBXFileReference; fileEncoding = 4; lastKnownFileType = sourcecode.swift; path = "NSManagedObjectContext+Extensions.swift"; sourceTree = "<group>"; };
		546AB08721D918ED001E4F99 /* IMEIWiseProfilesStore.swift */ = {isa = PBXFileReference; fileEncoding = 4; lastKnownFileType = sourcecode.swift; path = IMEIWiseProfilesStore.swift; sourceTree = "<group>"; };
		546AB08821D918ED001E4F99 /* UserDataStore.swift */ = {isa = PBXFileReference; fileEncoding = 4; lastKnownFileType = sourcecode.swift; path = UserDataStore.swift; sourceTree = "<group>"; };
		546AB08921D918ED001E4F99 /* DeviceStore.swift */ = {isa = PBXFileReference; fileEncoding = 4; lastKnownFileType = sourcecode.swift; path = DeviceStore.swift; sourceTree = "<group>"; };
		546AB08D21D91A75001E4F99 /* GeoFence.swift */ = {isa = PBXFileReference; lastKnownFileType = sourcecode.swift; path = GeoFence.swift; sourceTree = "<group>"; };
		546AB08F21D9239E001E4F99 /* GetGeoFenceDetailsService.swift */ = {isa = PBXFileReference; lastKnownFileType = sourcecode.swift; path = GetGeoFenceDetailsService.swift; sourceTree = "<group>"; };
		547A7E1121CFFE4B00040FB6 /* CurrentLocationVC.swift */ = {isa = PBXFileReference; lastKnownFileType = sourcecode.swift; path = CurrentLocationVC.swift; sourceTree = "<group>"; };
		5488BC7221C4B9C9003D3467 /* PreLoginRouter.swift */ = {isa = PBXFileReference; lastKnownFileType = sourcecode.swift; path = PreLoginRouter.swift; sourceTree = "<group>"; };
		548FC21021C4293000A64213 /* GetAccountWiseIMEIService.swift */ = {isa = PBXFileReference; fileEncoding = 4; lastKnownFileType = sourcecode.swift; path = GetAccountWiseIMEIService.swift; sourceTree = "<group>"; };
		548FC21321C42F3600A64213 /* UserDataManager.swift */ = {isa = PBXFileReference; lastKnownFileType = sourcecode.swift; path = UserDataManager.swift; sourceTree = "<group>"; };
		54A3681F21BCE55B000C7379 /* ProfileEditing.storyboard */ = {isa = PBXFileReference; lastKnownFileType = file.storyboard; path = ProfileEditing.storyboard; sourceTree = "<group>"; };
		54A3682221BD319C000C7379 /* PostLoginRouter.swift */ = {isa = PBXFileReference; lastKnownFileType = sourcecode.swift; path = PostLoginRouter.swift; sourceTree = "<group>"; };
		54A3682521BD4D70000C7379 /* AlertSettingsViewController.swift */ = {isa = PBXFileReference; lastKnownFileType = sourcecode.swift; path = AlertSettingsViewController.swift; sourceTree = "<group>"; };
		54B05DB721C63D7900597A42 /* ProfileTypeVehicle.swift */ = {isa = PBXFileReference; fileEncoding = 4; lastKnownFileType = sourcecode.swift; path = ProfileTypeVehicle.swift; sourceTree = "<group>"; };
		54B05DB821C63D7900597A42 /* IMEISelectionManager.swift */ = {isa = PBXFileReference; fileEncoding = 4; lastKnownFileType = sourcecode.swift; path = IMEISelectionManager.swift; sourceTree = "<group>"; };
		54B05DB921C63D7900597A42 /* ProfileTypePet.swift */ = {isa = PBXFileReference; fileEncoding = 4; lastKnownFileType = sourcecode.swift; path = ProfileTypePet.swift; sourceTree = "<group>"; };
		54B05DBA21C63D7900597A42 /* ProfileTypeKid.swift */ = {isa = PBXFileReference; fileEncoding = 4; lastKnownFileType = sourcecode.swift; path = ProfileTypeKid.swift; sourceTree = "<group>"; };
		54B05DBB21C63D7900597A42 /* ProfileTypeOther.swift */ = {isa = PBXFileReference; fileEncoding = 4; lastKnownFileType = sourcecode.swift; path = ProfileTypeOther.swift; sourceTree = "<group>"; };
		54B05DBC21C63D7900597A42 /* ProfileTypeSeniorCitizen.swift */ = {isa = PBXFileReference; fileEncoding = 4; lastKnownFileType = sourcecode.swift; path = ProfileTypeSeniorCitizen.swift; sourceTree = "<group>"; };
		54B05DC321C63DA400597A42 /* GetIMEIWiseProfiles.swift */ = {isa = PBXFileReference; fileEncoding = 4; lastKnownFileType = sourcecode.swift; path = GetIMEIWiseProfiles.swift; sourceTree = "<group>"; };
		54B05DC521C6653200597A42 /* UserAlertSettingsPreference.swift */ = {isa = PBXFileReference; lastKnownFileType = sourcecode.swift; path = UserAlertSettingsPreference.swift; sourceTree = "<group>"; };
		54B05DC721C6678E00597A42 /* GetAllAlertSettingsService.swift */ = {isa = PBXFileReference; lastKnownFileType = sourcecode.swift; path = GetAllAlertSettingsService.swift; sourceTree = "<group>"; };
		54B05DC921C67B3E00597A42 /* SetAlertSettingValueService.swift */ = {isa = PBXFileReference; lastKnownFileType = sourcecode.swift; path = SetAlertSettingValueService.swift; sourceTree = "<group>"; };
		54B58BDB21E90DF00036E47C /* DeviceActionsInfo.swift */ = {isa = PBXFileReference; lastKnownFileType = sourcecode.swift; path = DeviceActionsInfo.swift; sourceTree = "<group>"; };
		54BF988A21C80088005F66AF /* UpdateAccountDetailsService.swift */ = {isa = PBXFileReference; lastKnownFileType = sourcecode.swift; path = UpdateAccountDetailsService.swift; sourceTree = "<group>"; };
		54BF988C21C8182F005F66AF /* UserAccountData.swift */ = {isa = PBXFileReference; lastKnownFileType = sourcecode.swift; path = UserAccountData.swift; sourceTree = "<group>"; };
		54D3025021C950740050D377 /* RBOptionItemListViewController.swift */ = {isa = PBXFileReference; fileEncoding = 4; lastKnownFileType = sourcecode.swift; path = RBOptionItemListViewController.swift; sourceTree = "<group>"; };
		54D3025121C950740050D377 /* RBOptionItem.swift */ = {isa = PBXFileReference; fileEncoding = 4; lastKnownFileType = sourcecode.swift; path = RBOptionItem.swift; sourceTree = "<group>"; };
		54D3025221C950750050D377 /* UITableViewCellOptionItemUtility.swift */ = {isa = PBXFileReference; fileEncoding = 4; lastKnownFileType = sourcecode.swift; path = UITableViewCellOptionItemUtility.swift; sourceTree = "<group>"; };
		54D3025721C953170050D377 /* GenderOptionItem.swift */ = {isa = PBXFileReference; lastKnownFileType = sourcecode.swift; path = GenderOptionItem.swift; sourceTree = "<group>"; };
		54D3025921C9538C0050D377 /* CountryOptionItem.swift */ = {isa = PBXFileReference; lastKnownFileType = sourcecode.swift; path = CountryOptionItem.swift; sourceTree = "<group>"; };
		54D3025B21C96E600050D377 /* VehicleTypeOptionItem.swift */ = {isa = PBXFileReference; lastKnownFileType = sourcecode.swift; path = VehicleTypeOptionItem.swift; sourceTree = "<group>"; };
		54F66B3221BB90DC00B47295 /* DashboardOptionsListViewController.swift */ = {isa = PBXFileReference; lastKnownFileType = sourcecode.swift; path = DashboardOptionsListViewController.swift; sourceTree = "<group>"; };
		54F66B3421BB93B400B47295 /* DashboardTableDataSource.swift */ = {isa = PBXFileReference; lastKnownFileType = sourcecode.swift; path = DashboardTableDataSource.swift; sourceTree = "<group>"; };
		54F66B3921BBDAE700B47295 /* GeofenceViewController.swift */ = {isa = PBXFileReference; lastKnownFileType = sourcecode.swift; path = GeofenceViewController.swift; sourceTree = "<group>"; };
		54F66B3C21BC1D4D00B47295 /* UserProfileViewController.swift */ = {isa = PBXFileReference; lastKnownFileType = sourcecode.swift; path = UserProfileViewController.swift; sourceTree = "<group>"; };
		54F75FBF21BEE4FE007875E6 /* KidProfileViewController.swift */ = {isa = PBXFileReference; lastKnownFileType = sourcecode.swift; path = KidProfileViewController.swift; sourceTree = "<group>"; };
		54F75FC121BEEB9B007875E6 /* OtherProfileViewController.swift */ = {isa = PBXFileReference; lastKnownFileType = sourcecode.swift; path = OtherProfileViewController.swift; sourceTree = "<group>"; };
		54FBF8B821C016260008DCD6 /* SeniorCitizenProfileViewController.swift */ = {isa = PBXFileReference; lastKnownFileType = sourcecode.swift; path = SeniorCitizenProfileViewController.swift; sourceTree = "<group>"; };
		54FBF8BA21C01D7E0008DCD6 /* VehicleProfileViewController.swift */ = {isa = PBXFileReference; lastKnownFileType = sourcecode.swift; path = VehicleProfileViewController.swift; sourceTree = "<group>"; };
		54FD835121DB5C3D000996E5 /* DataPacket.swift */ = {isa = PBXFileReference; lastKnownFileType = sourcecode.swift; path = DataPacket.swift; sourceTree = "<group>"; };
		54FD835321DB5F13000996E5 /* GetDataPacketsService.swift */ = {isa = PBXFileReference; lastKnownFileType = sourcecode.swift; path = GetDataPacketsService.swift; sourceTree = "<group>"; };
		54FD835721DD2FFA000996E5 /* GetDeviceDetailsService.swift */ = {isa = PBXFileReference; lastKnownFileType = sourcecode.swift; path = GetDeviceDetailsService.swift; sourceTree = "<group>"; };
		791AE89321C19E8C00BB8C28 /* ChangePasswordService.swift */ = {isa = PBXFileReference; lastKnownFileType = sourcecode.swift; path = ChangePasswordService.swift; sourceTree = "<group>"; };
		7959E97E21BC57F100EEB963 /* TabBar.storyboard */ = {isa = PBXFileReference; lastKnownFileType = file.storyboard; path = TabBar.storyboard; sourceTree = "<group>"; };
		7959E98121BCD65C00EEB963 /* HomeVC.swift */ = {isa = PBXFileReference; lastKnownFileType = sourcecode.swift; path = HomeVC.swift; sourceTree = "<group>"; };
		7986225C21C03ADE00510240 /* TZCreateProfileVC.swift */ = {isa = PBXFileReference; lastKnownFileType = sourcecode.swift; path = TZCreateProfileVC.swift; sourceTree = "<group>"; };
		7986225E21C03AF200510240 /* TZQRVC.swift */ = {isa = PBXFileReference; lastKnownFileType = sourcecode.swift; path = TZQRVC.swift; sourceTree = "<group>"; };
		79C4A56721BBA1AD00B72377 /* Login.storyboard */ = {isa = PBXFileReference; fileEncoding = 4; lastKnownFileType = file.storyboard; path = Login.storyboard; sourceTree = "<group>"; };
		79C4A56A21BBA1C400B72377 /* TZLoginVC.swift */ = {isa = PBXFileReference; fileEncoding = 4; lastKnownFileType = sourcecode.swift; path = TZLoginVC.swift; sourceTree = "<group>"; };
		79C4A56B21BBA1C400B72377 /* TZForgetVC.swift */ = {isa = PBXFileReference; fileEncoding = 4; lastKnownFileType = sourcecode.swift; path = TZForgetVC.swift; sourceTree = "<group>"; };
		79C4A56C21BBA1C400B72377 /* TZRegisterVC.swift */ = {isa = PBXFileReference; fileEncoding = 4; lastKnownFileType = sourcecode.swift; path = TZRegisterVC.swift; sourceTree = "<group>"; };
		79D6B4E821C2DFF900AA8A68 /* AddUpdateSeniorProfiles.swift */ = {isa = PBXFileReference; lastKnownFileType = sourcecode.swift; path = AddUpdateSeniorProfiles.swift; sourceTree = "<group>"; };
		79D6B4EA21C2EE5300AA8A68 /* AddUpdateVehicleProfile.swift */ = {isa = PBXFileReference; lastKnownFileType = sourcecode.swift; path = AddUpdateVehicleProfile.swift; sourceTree = "<group>"; };
		79D6B4EC21C2F25300AA8A68 /* AddOtherProfileService.swift */ = {isa = PBXFileReference; lastKnownFileType = sourcecode.swift; path = AddOtherProfileService.swift; sourceTree = "<group>"; };
		79D7D49C21D7B1BF00E39C3C /* LocationDetailModel.swift */ = {isa = PBXFileReference; lastKnownFileType = sourcecode.swift; path = LocationDetailModel.swift; sourceTree = "<group>"; };
		79DCF33721BEF93D00460F17 /* TZVerifyVC.swift */ = {isa = PBXFileReference; lastKnownFileType = sourcecode.swift; path = TZVerifyVC.swift; sourceTree = "<group>"; };
		79DCF33921BF059200460F17 /* TZAssignVC.swift */ = {isa = PBXFileReference; lastKnownFileType = sourcecode.swift; path = TZAssignVC.swift; sourceTree = "<group>"; };
/* End PBXFileReference section */

/* Begin PBXFrameworksBuildPhase section */
		1C8E314121B6F78400169421 /* Frameworks */ = {
			isa = PBXFrameworksBuildPhase;
			buildActionMask = 2147483647;
			files = (
				54665BBE21C1724A00251267 /* ApiManager.framework in Frameworks */,
			);
			runOnlyForDeploymentPostprocessing = 0;
		};
/* End PBXFrameworksBuildPhase section */

/* Begin PBXGroup section */
		1C8E313B21B6F78400169421 = {
			isa = PBXGroup;
			children = (
				546AB07021D91882001E4F99 /* Storage */,
				54665BBD21C1724A00251267 /* ApiManager.framework */,
				1C8E314621B6F78500169421 /* Trackzia */,
				1C8E314521B6F78500169421 /* Products */,
			);
			sourceTree = "<group>";
		};
		1C8E314521B6F78500169421 /* Products */ = {
			isa = PBXGroup;
			children = (
				1C8E314421B6F78500169421 /* Trackzia.app */,
			);
			name = Products;
			sourceTree = "<group>";
		};
		1C8E314621B6F78500169421 /* Trackzia */ = {
			isa = PBXGroup;
			children = (
				54665BC321C1728E00251267 /* NetworkServices */,
				54A3682121BD3181000C7379 /* Routers */,
				548FC21221C42EEB00A64213 /* Models */,
				54365A1B21B9A350008E650B /* Controllers */,
				54365A1821B98F6D008E650B /* Views */,
				1C8E314721B6F78500169421 /* AppDelegate.swift */,
				1C8E314921B6F78500169421 /* ViewController.swift */,
				1C8E314B21B6F78500169421 /* Main.storyboard */,
				1C8E314E21B6F79500169421 /* Assets.xcassets */,
				1C8E315021B6F79600169421 /* LaunchScreen.storyboard */,
				1C8E315321B6F79600169421 /* Info.plist */,
			);
			path = Trackzia;
			sourceTree = "<group>";
		};
		54365A1821B98F6D008E650B /* Views */ = {
			isa = PBXGroup;
			children = (
				54D3024F21C9505D0050D377 /* RBOptionsPopover */,
				79C4A56721BBA1AD00B72377 /* Login.storyboard */,
				54365A1921B98FB4008E650B /* PostLogin.storyboard */,
				7959E97E21BC57F100EEB963 /* TabBar.storyboard */,
				54A3681F21BCE55B000C7379 /* ProfileEditing.storyboard */,
			);
			path = Views;
			sourceTree = "<group>";
		};
		54365A1B21B9A350008E650B /* Controllers */ = {
			isa = PBXGroup;
			children = (
				54A3682421BD4D5A000C7379 /* AlertSettingsScene */,
				7959E98021BCD5FA00EEB963 /* TabBarScene */,
				54F66B3B21BC1CC800B47295 /* UserProfileScene */,
				54F66B3821BBDA7900B47295 /* GeofenceScene */,
				54F66B3721BBDA2400B47295 /* DashboardScene */,
				79C4A56921BBA1C400B72377 /* LoginScene */,
			);
			path = Controllers;
			sourceTree = "<group>";
		};
		54665BC321C1728E00251267 /* NetworkServices */ = {
			isa = PBXGroup;
			children = (
				54FD835521DD2478000996E5 /* User */,
				54FD835621DD248F000996E5 /* Devices */,
				791AE89321C19E8C00BB8C28 /* ChangePasswordService.swift */,
				79D6B4E821C2DFF900AA8A68 /* AddUpdateSeniorProfiles.swift */,
				79D6B4EA21C2EE5300AA8A68 /* AddUpdateVehicleProfile.swift */,
				79D6B4EC21C2F25300AA8A68 /* AddOtherProfileService.swift */,
				54B05DC721C6678E00597A42 /* GetAllAlertSettingsService.swift */,
				54B05DC921C67B3E00597A42 /* SetAlertSettingValueService.swift */,
				546AB08F21D9239E001E4F99 /* GetGeoFenceDetailsService.swift */,
			);
			path = NetworkServices;
			sourceTree = "<group>";
		};
		546AB07021D91882001E4F99 /* Storage */ = {
			isa = PBXGroup;
			children = (
				546AB07121D91882001E4F99 /* Trackzia.xcdatamodeld */,
			);
			name = Storage;
			path = Trackzia/Storage;
			sourceTree = "<group>";
		};
		546AB07421D918C3001E4F99 /* CoreData */ = {
			isa = PBXGroup;
			children = (
				546AB07521D918C3001E4F99 /* ManagedObjects */,
				546AB07C21D918C3001E4F99 /* Stack */,
				546AB07E21D918C3001E4F99 /* Helpers */,
			);
			path = CoreData;
			sourceTree = "<group>";
		};
		546AB07521D918C3001E4F99 /* ManagedObjects */ = {
			isa = PBXGroup;
			children = (
				546AB07621D918C3001E4F99 /* ActiveProfile.swift */,
				546AB07721D918C3001E4F99 /* Profile.swift */,
				546AB07821D918C3001E4F99 /* Device.swift */,
				546AB07921D918C3001E4F99 /* Account.swift */,
				546AB08D21D91A75001E4F99 /* GeoFence.swift */,
				54FD835121DB5C3D000996E5 /* DataPacket.swift */,
				54B58BDB21E90DF00036E47C /* DeviceActionsInfo.swift */,
				546AB07A21D918C3001E4F99 /* Helpers */,
			);
			path = ManagedObjects;
			sourceTree = "<group>";
		};
		546AB07A21D918C3001E4F99 /* Helpers */ = {
			isa = PBXGroup;
			children = (
				546AB07B21D918C3001E4F99 /* Managed.swift */,
			);
			path = Helpers;
			sourceTree = "<group>";
		};
		546AB07C21D918C3001E4F99 /* Stack */ = {
			isa = PBXGroup;
			children = (
				546AB07D21D918C3001E4F99 /* TrackziaStack.swift */,
			);
			path = Stack;
			sourceTree = "<group>";
		};
		546AB07E21D918C3001E4F99 /* Helpers */ = {
			isa = PBXGroup;
			children = (
				546AB07F21D918C3001E4F99 /* NSManagedObjectContext+Extensions.swift */,
				540E5EF021E79F1200855BF6 /* ManagedObjectObserver.swift */,
				540E5EF221E7A05800855BF6 /* NSManagedObjectContext+Observers.swift */,
			);
			path = Helpers;
			sourceTree = "<group>";
		};
		548FC21221C42EEB00A64213 /* Models */ = {
			isa = PBXGroup;
			children = (
				54B05DC521C6653200597A42 /* UserAlertSettingsPreference.swift */,
				54BF988C21C8182F005F66AF /* UserAccountData.swift */,
				548FC21321C42F3600A64213 /* UserDataManager.swift */,
				546AB08921D918ED001E4F99 /* DeviceStore.swift */,
				546AB08721D918ED001E4F99 /* IMEIWiseProfilesStore.swift */,
				546AB08821D918ED001E4F99 /* UserDataStore.swift */,
				546AB07421D918C3001E4F99 /* CoreData */,
				79D7D49B21D7928B00E39C3C /* LocationDetailModel */,
				54D3025621C952AC0050D377 /* RBPopoverOptionItems */,
				54B05DB621C63D7900597A42 /* IMEIWiseProfileTypes */,
			);
			path = Models;
			sourceTree = "<group>";
		};
		54A3682121BD3181000C7379 /* Routers */ = {
			isa = PBXGroup;
			children = (
				54A3682221BD319C000C7379 /* PostLoginRouter.swift */,
				5488BC7221C4B9C9003D3467 /* PreLoginRouter.swift */,
			);
			path = Routers;
			sourceTree = "<group>";
		};
		54A3682421BD4D5A000C7379 /* AlertSettingsScene */ = {
			isa = PBXGroup;
			children = (
				54A3682521BD4D70000C7379 /* AlertSettingsViewController.swift */,
			);
			path = AlertSettingsScene;
			sourceTree = "<group>";
		};
		54B05DB621C63D7900597A42 /* IMEIWiseProfileTypes */ = {
			isa = PBXGroup;
			children = (
				54B05DB721C63D7900597A42 /* ProfileTypeVehicle.swift */,
				54B05DB821C63D7900597A42 /* IMEISelectionManager.swift */,
				54B05DB921C63D7900597A42 /* ProfileTypePet.swift */,
				54B05DBA21C63D7900597A42 /* ProfileTypeKid.swift */,
				54B05DBB21C63D7900597A42 /* ProfileTypeOther.swift */,
				54B05DBC21C63D7900597A42 /* ProfileTypeSeniorCitizen.swift */,
			);
			path = IMEIWiseProfileTypes;
			sourceTree = "<group>";
		};
		54D3024F21C9505D0050D377 /* RBOptionsPopover */ = {
			isa = PBXGroup;
			children = (
				54D3025121C950740050D377 /* RBOptionItem.swift */,
				54D3025021C950740050D377 /* RBOptionItemListViewController.swift */,
				54D3025221C950750050D377 /* UITableViewCellOptionItemUtility.swift */,
			);
			path = RBOptionsPopover;
			sourceTree = "<group>";
		};
		54D3025621C952AC0050D377 /* RBPopoverOptionItems */ = {
			isa = PBXGroup;
			children = (
				54D3025721C953170050D377 /* GenderOptionItem.swift */,
				54D3025921C9538C0050D377 /* CountryOptionItem.swift */,
				54D3025B21C96E600050D377 /* VehicleTypeOptionItem.swift */,
			);
			path = RBPopoverOptionItems;
			sourceTree = "<group>";
		};
		54F66B3721BBDA2400B47295 /* DashboardScene */ = {
			isa = PBXGroup;
			children = (
				54365A1C21B9A372008E650B /* DashboardProfileViewController.swift */,
				54365A1E21B9A870008E650B /* DashboardViewController.swift */,
				54F66B3221BB90DC00B47295 /* DashboardOptionsListViewController.swift */,
				54F66B3421BB93B400B47295 /* DashboardTableDataSource.swift */,
			);
			path = DashboardScene;
			sourceTree = "<group>";
		};
		54F66B3821BBDA7900B47295 /* GeofenceScene */ = {
			isa = PBXGroup;
			children = (
				54F66B3921BBDAE700B47295 /* GeofenceViewController.swift */,
			);
			path = GeofenceScene;
			sourceTree = "<group>";
		};
		54F66B3B21BC1CC800B47295 /* UserProfileScene */ = {
			isa = PBXGroup;
			children = (
				54F66B3C21BC1D4D00B47295 /* UserProfileViewController.swift */,
				544FE26C21BD866F00479FBA /* PetProfileViewController.swift */,
				54F75FBF21BEE4FE007875E6 /* KidProfileViewController.swift */,
				54F75FC121BEEB9B007875E6 /* OtherProfileViewController.swift */,
				54FBF8B821C016260008DCD6 /* SeniorCitizenProfileViewController.swift */,
				54FBF8BA21C01D7E0008DCD6 /* VehicleProfileViewController.swift */,
			);
			path = UserProfileScene;
			sourceTree = "<group>";
		};
		54FD835521DD2478000996E5 /* User */ = {
			isa = PBXGroup;
			children = (
				54BF988A21C80088005F66AF /* UpdateAccountDetailsService.swift */,
				54665BC421C1728E00251267 /* LoginService.swift */,
				54665BC621C1870500251267 /* GetAccountDetailsService.swift */,
			);
			path = User;
			sourceTree = "<group>";
		};
		54FD835621DD248F000996E5 /* Devices */ = {
			isa = PBXGroup;
			children = (
				548FC21021C4293000A64213 /* GetAccountWiseIMEIService.swift */,
				54FD835721DD2FFA000996E5 /* GetDeviceDetailsService.swift */,
				54B05DC321C63DA400597A42 /* GetIMEIWiseProfiles.swift */,
				54FD835321DB5F13000996E5 /* GetDataPacketsService.swift */,
			);
			path = Devices;
			sourceTree = "<group>";
		};
		7959E98021BCD5FA00EEB963 /* TabBarScene */ = {
			isa = PBXGroup;
			children = (
				7959E98121BCD65C00EEB963 /* HomeVC.swift */,
				547A7E1121CFFE4B00040FB6 /* CurrentLocationVC.swift */,
			);
			path = TabBarScene;
			sourceTree = "<group>";
		};
		79C4A56921BBA1C400B72377 /* LoginScene */ = {
			isa = PBXGroup;
			children = (
				79C4A56A21BBA1C400B72377 /* TZLoginVC.swift */,
				79C4A56B21BBA1C400B72377 /* TZForgetVC.swift */,
				79C4A56C21BBA1C400B72377 /* TZRegisterVC.swift */,
				79DCF33721BEF93D00460F17 /* TZVerifyVC.swift */,
				79DCF33921BF059200460F17 /* TZAssignVC.swift */,
				7986225C21C03ADE00510240 /* TZCreateProfileVC.swift */,
				7986225E21C03AF200510240 /* TZQRVC.swift */,
			);
			path = LoginScene;
			sourceTree = "<group>";
		};
		79D7D49B21D7928B00E39C3C /* LocationDetailModel */ = {
			isa = PBXGroup;
			children = (
				79D7D49C21D7B1BF00E39C3C /* LocationDetailModel.swift */,
			);
			path = LocationDetailModel;
			sourceTree = "<group>";
		};
/* End PBXGroup section */

/* Begin PBXNativeTarget section */
		1C8E314321B6F78400169421 /* Trackzia */ = {
			isa = PBXNativeTarget;
			buildConfigurationList = 1C8E315621B6F79600169421 /* Build configuration list for PBXNativeTarget "Trackzia" */;
			buildPhases = (
				1C8E314021B6F78400169421 /* Sources */,
				1C8E314121B6F78400169421 /* Frameworks */,
				1C8E314221B6F78400169421 /* Resources */,
				54665BC021C1724A00251267 /* Embed Frameworks */,
			);
			buildRules = (
			);
			dependencies = (
			);
			name = Trackzia;
			productName = Trackzia;
			productReference = 1C8E314421B6F78500169421 /* Trackzia.app */;
			productType = "com.apple.product-type.application";
		};
/* End PBXNativeTarget section */

/* Begin PBXProject section */
		1C8E313C21B6F78400169421 /* Project object */ = {
			isa = PBXProject;
			attributes = {
				LastSwiftUpdateCheck = 1010;
				LastUpgradeCheck = 1010;
				ORGANIZATIONNAME = Private;
				TargetAttributes = {
					1C8E314321B6F78400169421 = {
						CreatedOnToolsVersion = 10.1;
					};
				};
			};
			buildConfigurationList = 1C8E313F21B6F78400169421 /* Build configuration list for PBXProject "Trackzia" */;
			compatibilityVersion = "Xcode 9.3";
			developmentRegion = en;
			hasScannedForEncodings = 0;
			knownRegions = (
				en,
				Base,
			);
			mainGroup = 1C8E313B21B6F78400169421;
			productRefGroup = 1C8E314521B6F78500169421 /* Products */;
			projectDirPath = "";
			projectRoot = "";
			targets = (
				1C8E314321B6F78400169421 /* Trackzia */,
			);
		};
/* End PBXProject section */

/* Begin PBXResourcesBuildPhase section */
		1C8E314221B6F78400169421 /* Resources */ = {
			isa = PBXResourcesBuildPhase;
			buildActionMask = 2147483647;
			files = (
				1C8E315221B6F79600169421 /* LaunchScreen.storyboard in Resources */,
				1C8E314F21B6F79500169421 /* Assets.xcassets in Resources */,
				1C8E314D21B6F78500169421 /* Main.storyboard in Resources */,
				54A3682021BCE55B000C7379 /* ProfileEditing.storyboard in Resources */,
				79C4A56821BBA1AD00B72377 /* Login.storyboard in Resources */,
				7959E97F21BC57F100EEB963 /* TabBar.storyboard in Resources */,
				54365A1A21B98FB4008E650B /* PostLogin.storyboard in Resources */,
			);
			runOnlyForDeploymentPostprocessing = 0;
		};
/* End PBXResourcesBuildPhase section */

/* Begin PBXSourcesBuildPhase section */
		1C8E314021B6F78400169421 /* Sources */ = {
			isa = PBXSourcesBuildPhase;
			buildActionMask = 2147483647;
			files = (
				79D6B4EB21C2EE5300AA8A68 /* AddUpdateVehicleProfile.swift in Sources */,
				54A3682621BD4D70000C7379 /* AlertSettingsViewController.swift in Sources */,
				548FC21421C42F3600A64213 /* UserDataManager.swift in Sources */,
				54D3025521C950750050D377 /* UITableViewCellOptionItemUtility.swift in Sources */,
				54F75FC021BEE4FE007875E6 /* KidProfileViewController.swift in Sources */,
				544FE26D21BD866F00479FBA /* PetProfileViewController.swift in Sources */,
				540E5EF121E79F1200855BF6 /* ManagedObjectObserver.swift in Sources */,
				79DCF33821BEF93D00460F17 /* TZVerifyVC.swift in Sources */,
				546AB08A21D918ED001E4F99 /* IMEIWiseProfilesStore.swift in Sources */,
				54BF988D21C8182F005F66AF /* UserAccountData.swift in Sources */,
				54F66B3521BB93B400B47295 /* DashboardTableDataSource.swift in Sources */,
				54FBF8BB21C01D7E0008DCD6 /* VehicleProfileViewController.swift in Sources */,
				54B05DC421C63DA400597A42 /* GetIMEIWiseProfiles.swift in Sources */,
				79C4A56E21BBA1C400B72377 /* TZForgetVC.swift in Sources */,
				54D3025821C953170050D377 /* GenderOptionItem.swift in Sources */,
				54D3025A21C9538C0050D377 /* CountryOptionItem.swift in Sources */,
				7986225D21C03ADE00510240 /* TZCreateProfileVC.swift in Sources */,
				54B05DBE21C63D7900597A42 /* IMEISelectionManager.swift in Sources */,
				79C4A56F21BBA1C400B72377 /* TZRegisterVC.swift in Sources */,
				546AB08321D918C3001E4F99 /* Account.swift in Sources */,
				791AE89421C19E8C00BB8C28 /* ChangePasswordService.swift in Sources */,
				54F75FC221BEEB9B007875E6 /* OtherProfileViewController.swift in Sources */,
				1C8E314A21B6F78500169421 /* ViewController.swift in Sources */,
				79D6B4E921C2DFF900AA8A68 /* AddUpdateSeniorProfiles.swift in Sources */,
				548FC21121C4293000A64213 /* GetAccountWiseIMEIService.swift in Sources */,
				546AB08C21D918ED001E4F99 /* DeviceStore.swift in Sources */,
				1C8E314821B6F78500169421 /* AppDelegate.swift in Sources */,
				54F66B3321BB90DC00B47295 /* DashboardOptionsListViewController.swift in Sources */,
				540E5EF321E7A05800855BF6 /* NSManagedObjectContext+Observers.swift in Sources */,
				54B05DC821C6678E00597A42 /* GetAllAlertSettingsService.swift in Sources */,
				54FD835221DB5C3D000996E5 /* DataPacket.swift in Sources */,
				54B05DCA21C67B3E00597A42 /* SetAlertSettingValueService.swift in Sources */,
				79D6B4ED21C2F25300AA8A68 /* AddOtherProfileService.swift in Sources */,
				546AB08421D918C3001E4F99 /* Managed.swift in Sources */,
				54665BC721C1870500251267 /* GetAccountDetailsService.swift in Sources */,
				546AB08021D918C3001E4F99 /* ActiveProfile.swift in Sources */,
				54665BC521C1728E00251267 /* LoginService.swift in Sources */,
				79C4A56D21BBA1C400B72377 /* TZLoginVC.swift in Sources */,
				546AB07321D91883001E4F99 /* Trackzia.xcdatamodeld in Sources */,
				546AB08E21D91A75001E4F99 /* GeoFence.swift in Sources */,
				54FD835821DD2FFA000996E5 /* GetDeviceDetailsService.swift in Sources */,
				54B05DC621C6653200597A42 /* UserAlertSettingsPreference.swift in Sources */,
				546AB09021D9239E001E4F99 /* GetGeoFenceDetailsService.swift in Sources */,
				546AB08521D918C3001E4F99 /* TrackziaStack.swift in Sources */,
				54D3025C21C96E600050D377 /* VehicleTypeOptionItem.swift in Sources */,
				54B05DC221C63D7900597A42 /* ProfileTypeSeniorCitizen.swift in Sources */,
				54B05DBF21C63D7900597A42 /* ProfileTypePet.swift in Sources */,
				5488BC7321C4B9C9003D3467 /* PreLoginRouter.swift in Sources */,
				54365A1D21B9A372008E650B /* DashboardProfileViewController.swift in Sources */,
				54B58BDC21E90DF00036E47C /* DeviceActionsInfo.swift in Sources */,
				547A7E1221CFFE4C00040FB6 /* CurrentLocationVC.swift in Sources */,
				54D3025421C950750050D377 /* RBOptionItem.swift in Sources */,
				546AB08121D918C3001E4F99 /* Profile.swift in Sources */,
				54BF988B21C80088005F66AF /* UpdateAccountDetailsService.swift in Sources */,
				54F66B3A21BBDAE700B47295 /* GeofenceViewController.swift in Sources */,
				546AB08B21D918ED001E4F99 /* UserDataStore.swift in Sources */,
				54D3025321C950750050D377 /* RBOptionItemListViewController.swift in Sources */,
				7959E98221BCD65C00EEB963 /* HomeVC.swift in Sources */,
				79D7D49D21D7B1BF00E39C3C /* LocationDetailModel.swift in Sources */,
				546AB08221D918C3001E4F99 /* Device.swift in Sources */,
				79DCF33A21BF059200460F17 /* TZAssignVC.swift in Sources */,
				54B05DBD21C63D7900597A42 /* ProfileTypeVehicle.swift in Sources */,
				54F66B3D21BC1D4D00B47295 /* UserProfileViewController.swift in Sources */,
				54B05DC121C63D7900597A42 /* ProfileTypeOther.swift in Sources */,
				54FBF8B921C016260008DCD6 /* SeniorCitizenProfileViewController.swift in Sources */,
				54A3682321BD319C000C7379 /* PostLoginRouter.swift in Sources */,
				54B05DC021C63D7900597A42 /* ProfileTypeKid.swift in Sources */,
				54FD835421DB5F13000996E5 /* GetDataPacketsService.swift in Sources */,
				54365A1F21B9A870008E650B /* DashboardViewController.swift in Sources */,
				546AB08621D918C3001E4F99 /* NSManagedObjectContext+Extensions.swift in Sources */,
			);
			runOnlyForDeploymentPostprocessing = 0;
		};
/* End PBXSourcesBuildPhase section */

/* Begin PBXVariantGroup section */
		1C8E314B21B6F78500169421 /* Main.storyboard */ = {
			isa = PBXVariantGroup;
			children = (
				1C8E314C21B6F78500169421 /* Base */,
			);
			name = Main.storyboard;
			sourceTree = "<group>";
		};
		1C8E315021B6F79600169421 /* LaunchScreen.storyboard */ = {
			isa = PBXVariantGroup;
			children = (
				1C8E315121B6F79600169421 /* Base */,
			);
			name = LaunchScreen.storyboard;
			sourceTree = "<group>";
		};
/* End PBXVariantGroup section */

/* Begin XCBuildConfiguration section */
		1C8E315421B6F79600169421 /* Debug */ = {
			isa = XCBuildConfiguration;
			buildSettings = {
				ALWAYS_SEARCH_USER_PATHS = NO;
				CLANG_ANALYZER_NONNULL = YES;
				CLANG_ANALYZER_NUMBER_OBJECT_CONVERSION = YES_AGGRESSIVE;
				CLANG_CXX_LANGUAGE_STANDARD = "gnu++14";
				CLANG_CXX_LIBRARY = "libc++";
				CLANG_ENABLE_MODULES = YES;
				CLANG_ENABLE_OBJC_ARC = YES;
				CLANG_ENABLE_OBJC_WEAK = YES;
				CLANG_WARN_BLOCK_CAPTURE_AUTORELEASING = YES;
				CLANG_WARN_BOOL_CONVERSION = YES;
				CLANG_WARN_COMMA = YES;
				CLANG_WARN_CONSTANT_CONVERSION = YES;
				CLANG_WARN_DEPRECATED_OBJC_IMPLEMENTATIONS = YES;
				CLANG_WARN_DIRECT_OBJC_ISA_USAGE = YES_ERROR;
				CLANG_WARN_DOCUMENTATION_COMMENTS = YES;
				CLANG_WARN_EMPTY_BODY = YES;
				CLANG_WARN_ENUM_CONVERSION = YES;
				CLANG_WARN_INFINITE_RECURSION = YES;
				CLANG_WARN_INT_CONVERSION = YES;
				CLANG_WARN_NON_LITERAL_NULL_CONVERSION = YES;
				CLANG_WARN_OBJC_IMPLICIT_RETAIN_SELF = YES;
				CLANG_WARN_OBJC_LITERAL_CONVERSION = YES;
				CLANG_WARN_OBJC_ROOT_CLASS = YES_ERROR;
				CLANG_WARN_RANGE_LOOP_ANALYSIS = YES;
				CLANG_WARN_STRICT_PROTOTYPES = YES;
				CLANG_WARN_SUSPICIOUS_MOVE = YES;
				CLANG_WARN_UNGUARDED_AVAILABILITY = YES_AGGRESSIVE;
				CLANG_WARN_UNREACHABLE_CODE = YES;
				CLANG_WARN__DUPLICATE_METHOD_MATCH = YES;
				CODE_SIGN_IDENTITY = "iPhone Developer";
				COPY_PHASE_STRIP = NO;
				DEBUG_INFORMATION_FORMAT = dwarf;
				ENABLE_STRICT_OBJC_MSGSEND = YES;
				ENABLE_TESTABILITY = YES;
				GCC_C_LANGUAGE_STANDARD = gnu11;
				GCC_DYNAMIC_NO_PIC = NO;
				GCC_NO_COMMON_BLOCKS = YES;
				GCC_OPTIMIZATION_LEVEL = 0;
				GCC_PREPROCESSOR_DEFINITIONS = (
					"DEBUG=1",
					"$(inherited)",
				);
				GCC_WARN_64_TO_32_BIT_CONVERSION = YES;
				GCC_WARN_ABOUT_RETURN_TYPE = YES_ERROR;
				GCC_WARN_UNDECLARED_SELECTOR = YES;
				GCC_WARN_UNINITIALIZED_AUTOS = YES_AGGRESSIVE;
				GCC_WARN_UNUSED_FUNCTION = YES;
				GCC_WARN_UNUSED_VARIABLE = YES;
				IPHONEOS_DEPLOYMENT_TARGET = 12.1;
				MTL_ENABLE_DEBUG_INFO = INCLUDE_SOURCE;
				MTL_FAST_MATH = YES;
				ONLY_ACTIVE_ARCH = YES;
				SDKROOT = iphoneos;
				SWIFT_ACTIVE_COMPILATION_CONDITIONS = DEBUG;
				SWIFT_OPTIMIZATION_LEVEL = "-Onone";
			};
			name = Debug;
		};
		1C8E315521B6F79600169421 /* Release */ = {
			isa = XCBuildConfiguration;
			buildSettings = {
				ALWAYS_SEARCH_USER_PATHS = NO;
				CLANG_ANALYZER_NONNULL = YES;
				CLANG_ANALYZER_NUMBER_OBJECT_CONVERSION = YES_AGGRESSIVE;
				CLANG_CXX_LANGUAGE_STANDARD = "gnu++14";
				CLANG_CXX_LIBRARY = "libc++";
				CLANG_ENABLE_MODULES = YES;
				CLANG_ENABLE_OBJC_ARC = YES;
				CLANG_ENABLE_OBJC_WEAK = YES;
				CLANG_WARN_BLOCK_CAPTURE_AUTORELEASING = YES;
				CLANG_WARN_BOOL_CONVERSION = YES;
				CLANG_WARN_COMMA = YES;
				CLANG_WARN_CONSTANT_CONVERSION = YES;
				CLANG_WARN_DEPRECATED_OBJC_IMPLEMENTATIONS = YES;
				CLANG_WARN_DIRECT_OBJC_ISA_USAGE = YES_ERROR;
				CLANG_WARN_DOCUMENTATION_COMMENTS = YES;
				CLANG_WARN_EMPTY_BODY = YES;
				CLANG_WARN_ENUM_CONVERSION = YES;
				CLANG_WARN_INFINITE_RECURSION = YES;
				CLANG_WARN_INT_CONVERSION = YES;
				CLANG_WARN_NON_LITERAL_NULL_CONVERSION = YES;
				CLANG_WARN_OBJC_IMPLICIT_RETAIN_SELF = YES;
				CLANG_WARN_OBJC_LITERAL_CONVERSION = YES;
				CLANG_WARN_OBJC_ROOT_CLASS = YES_ERROR;
				CLANG_WARN_RANGE_LOOP_ANALYSIS = YES;
				CLANG_WARN_STRICT_PROTOTYPES = YES;
				CLANG_WARN_SUSPICIOUS_MOVE = YES;
				CLANG_WARN_UNGUARDED_AVAILABILITY = YES_AGGRESSIVE;
				CLANG_WARN_UNREACHABLE_CODE = YES;
				CLANG_WARN__DUPLICATE_METHOD_MATCH = YES;
				CODE_SIGN_IDENTITY = "iPhone Developer";
				COPY_PHASE_STRIP = NO;
				DEBUG_INFORMATION_FORMAT = "dwarf-with-dsym";
				ENABLE_NS_ASSERTIONS = NO;
				ENABLE_STRICT_OBJC_MSGSEND = YES;
				GCC_C_LANGUAGE_STANDARD = gnu11;
				GCC_NO_COMMON_BLOCKS = YES;
				GCC_WARN_64_TO_32_BIT_CONVERSION = YES;
				GCC_WARN_ABOUT_RETURN_TYPE = YES_ERROR;
				GCC_WARN_UNDECLARED_SELECTOR = YES;
				GCC_WARN_UNINITIALIZED_AUTOS = YES_AGGRESSIVE;
				GCC_WARN_UNUSED_FUNCTION = YES;
				GCC_WARN_UNUSED_VARIABLE = YES;
				IPHONEOS_DEPLOYMENT_TARGET = 12.1;
				MTL_ENABLE_DEBUG_INFO = NO;
				MTL_FAST_MATH = YES;
				SDKROOT = iphoneos;
				SWIFT_COMPILATION_MODE = wholemodule;
				SWIFT_OPTIMIZATION_LEVEL = "-O";
				VALIDATE_PRODUCT = YES;
			};
			name = Release;
		};
		1C8E315721B6F79600169421 /* Debug */ = {
			isa = XCBuildConfiguration;
			buildSettings = {
				ASSETCATALOG_COMPILER_APPICON_NAME = AppIcon;
				CODE_SIGN_STYLE = Automatic;
				DEVELOPMENT_TEAM = BZKRU747GN;
				FRAMEWORK_SEARCH_PATHS = (
					"$(inherited)",
					"$(PROJECT_DIR)/Trackzia/Frameworks/Simulator",
				);
				INFOPLIST_FILE = Trackzia/Info.plist;
				LD_RUNPATH_SEARCH_PATHS = (
					"$(inherited)",
					"@executable_path/Frameworks",
				);
				PRODUCT_BUNDLE_IDENTIFIER = com.privateproject.Trackzia;
				PRODUCT_NAME = "$(TARGET_NAME)";
				SWIFT_VERSION = 4.2;
				TARGETED_DEVICE_FAMILY = "1,2";
			};
			name = Debug;
		};
		1C8E315821B6F79600169421 /* Release */ = {
			isa = XCBuildConfiguration;
			buildSettings = {
				ASSETCATALOG_COMPILER_APPICON_NAME = AppIcon;
				CODE_SIGN_STYLE = Automatic;
				DEVELOPMENT_TEAM = BZKRU747GN;
				FRAMEWORK_SEARCH_PATHS = (
					"$(inherited)",
					"$(PROJECT_DIR)/Trackzia/Frameworks/Simulator",
				);
				INFOPLIST_FILE = Trackzia/Info.plist;
				LD_RUNPATH_SEARCH_PATHS = (
					"$(inherited)",
					"@executable_path/Frameworks",
				);
				PRODUCT_BUNDLE_IDENTIFIER = com.privateproject.Trackzia;
				PRODUCT_NAME = "$(TARGET_NAME)";
				SWIFT_VERSION = 4.2;
				TARGETED_DEVICE_FAMILY = "1,2";
			};
			name = Release;
		};
/* End XCBuildConfiguration section */

/* Begin XCConfigurationList section */
		1C8E313F21B6F78400169421 /* Build configuration list for PBXProject "Trackzia" */ = {
			isa = XCConfigurationList;
			buildConfigurations = (
				1C8E315421B6F79600169421 /* Debug */,
				1C8E315521B6F79600169421 /* Release */,
			);
			defaultConfigurationIsVisible = 0;
			defaultConfigurationName = Release;
		};
		1C8E315621B6F79600169421 /* Build configuration list for PBXNativeTarget "Trackzia" */ = {
			isa = XCConfigurationList;
			buildConfigurations = (
				1C8E315721B6F79600169421 /* Debug */,
				1C8E315821B6F79600169421 /* Release */,
			);
			defaultConfigurationIsVisible = 0;
			defaultConfigurationName = Release;
		};
/* End XCConfigurationList section */

/* Begin XCVersionGroup section */
		546AB07121D91882001E4F99 /* Trackzia.xcdatamodeld */ = {
			isa = XCVersionGroup;
			children = (
				546AB07221D91882001E4F99 /* Model.xcdatamodel */,
			);
			currentVersion = 546AB07221D91882001E4F99 /* Model.xcdatamodel */;
			path = Trackzia.xcdatamodeld;
			sourceTree = "<group>";
			versionGroupType = wrapper.xcdatamodel;
		};
/* End XCVersionGroup section */
	};
	rootObject = 1C8E313C21B6F78400169421 /* Project object */;
}
